
Microsoft Visual Studio Solution File, Format Version 12.00
# Visual Studio Version 17
VisualStudioVersion = 17.8.34330.188
MinimumVisualStudioVersion = 10.0.40219.1
Project("{FAE04EC0-301F-11D3-BF4B-00C04F79EFBC}") = "Day2", "Day2\Day2.csproj", "{19F0A447-9A58-48FF-84ED-9918EE2D9598}"
EndProject
Global
	GlobalSection(SolutionConfigurationPlatforms) = preSolution
		Debug|Any CPU = Debug|Any CPU
		Release|Any CPU = Release|Any CPU
	EndGlobalSection
	GlobalSection(ProjectConfigurationPlatforms) = postSolution
		{19F0A447-9A58-48FF-84ED-9918EE2D9598}.Debug|Any CPU.ActiveCfg = Debug|Any CPU
		{19F0A447-9A58-48FF-84ED-9918EE2D9598}.Debug|Any CPU.Build.0 = Debug|Any CPU
		{19F0A447-9A58-48FF-84ED-9918EE2D9598}.Release|Any CPU.ActiveCfg = Release|Any CPU
		{19F0A447-9A58-48FF-84ED-9918EE2D9598}.Release|Any CPU.Build.0 = Release|Any CPU
	EndGlobalSection
	GlobalSection(SolutionProperties) = preSolution
		HideSolutionNode = FALSE
	EndGlobalSection
	GlobalSection(ExtensibilityGlobals) = postSolution
		SolutionGuid = {24BE6B01-288C-48F2-932F-C0ECCA72CFC7}
	EndGlobalSection
EndGlobal
